
Microsoft Visual Studio Solution File, Format Version 12.00
# Visual Studio Version 17
VisualStudioVersion = 17.8.34330.188
MinimumVisualStudioVersion = 10.0.40219.1
Project("{9A19103F-16F7-4668-BE54-9A1E7A4F7556}") = "VatChecker", "VatChecker\VatChecker.csproj", "{C4261EB7-439E-4B07-AD70-AEB20F33AA5E}"
EndProject
Project("{FAE04EC0-301F-11D3-BF4B-00C04F79EFBC}") = "VatChecker.Tests", "VatChecker.Tests\VatChecker.Tests.csproj", "{29AF9B8F-DF1C-479A-8EDD-10FCFC7EE936}"
EndProject
Global
	GlobalSection(SolutionConfigurationPlatforms) = preSolution
		Debug|Any CPU = Debug|Any CPU
		Release|Any CPU = Release|Any CPU
	EndGlobalSection
	GlobalSection(ProjectConfigurationPlatforms) = postSolution
		{C4261EB7-439E-4B07-AD70-AEB20F33AA5E}.Debug|Any CPU.ActiveCfg = Debug|Any CPU
		{C4261EB7-439E-4B07-AD70-AEB20F33AA5E}.Debug|Any CPU.Build.0 = Debug|Any CPU
		{C4261EB7-439E-4B07-AD70-AEB20F33AA5E}.Release|Any CPU.ActiveCfg = Release|Any CPU
		{C4261EB7-439E-4B07-AD70-AEB20F33AA5E}.Release|Any CPU.Build.0 = Release|Any CPU
		{29AF9B8F-DF1C-479A-8EDD-10FCFC7EE936}.Debug|Any CPU.ActiveCfg = Debug|Any CPU
		{29AF9B8F-DF1C-479A-8EDD-10FCFC7EE936}.Debug|Any CPU.Build.0 = Debug|Any CPU
		{29AF9B8F-DF1C-479A-8EDD-10FCFC7EE936}.Release|Any CPU.ActiveCfg = Release|Any CPU
		{29AF9B8F-DF1C-479A-8EDD-10FCFC7EE936}.Release|Any CPU.Build.0 = Release|Any CPU
	EndGlobalSection
	GlobalSection(SolutionProperties) = preSolution
		HideSolutionNode = FALSE
	EndGlobalSection
	GlobalSection(ExtensibilityGlobals) = postSolution
		SolutionGuid = {B8C6D1A3-897C-4FEB-A933-614C52866A54}
	EndGlobalSection
EndGlobal
